
Microsoft Visual Studio Solution File, Format Version 12.00
# Visual Studio Version 17
VisualStudioVersion = 17.12.35527.113
MinimumVisualStudioVersion = 10.0.40219.1
Project("{2150E333-8FDC-42A3-9474-1A3956D46DE8}") = "Solution", "Solution", "{F83CC82C-DF2A-4CDB-AC22-C63F742CE2D8}"
	ProjectSection(SolutionItems) = preProject
		.editorconfig = .editorconfig
		.gitignore = .gitignore
		Directory.Build.props = Directory.Build.props
		LICENSE = LICENSE
		README.md = README.md
	EndProjectSection
EndProject
Project("{FAE04EC0-301F-11D3-BF4B-00C04F79EFBC}") = "Muthink.AzureHealth", "AzureHealth\Muthink.AzureHealth.csproj", "{BEBBD78D-4042-496F-9DE3-44995E6C9DE5}"
EndProject
Project("{FAE04EC0-301F-11D3-BF4B-00C04F79EFBC}") = "Muthink.AzureHealth.FHIR.R4", "AzureHealth.FHIR.R4\Muthink.AzureHealth.FHIR.R4.csproj", "{C1B499AC-AD79-4765-A837-0AC581FEDD1F}"
EndProject
Project("{FAE04EC0-301F-11D3-BF4B-00C04F79EFBC}") = "Muthink.AzureHealth.Test", "Test\Muthink.AzureHealth.Test.csproj", "{688713C5-270B-41DC-A2D2-73381944D7A7}"
EndProject
Project("{FAE04EC0-301F-11D3-BF4B-00C04F79EFBC}") = "Mock", "Mock\Mock.csproj", "{6EF9957C-B841-4005-96D1-2F1C2FCB0AAD}"
EndProject
Global
	GlobalSection(SolutionConfigurationPlatforms) = preSolution
		Debug|Any CPU = Debug|Any CPU
		Release|Any CPU = Release|Any CPU
	EndGlobalSection
	GlobalSection(ProjectConfigurationPlatforms) = postSolution
		{BEBBD78D-4042-496F-9DE3-44995E6C9DE5}.Debug|Any CPU.ActiveCfg = Debug|Any CPU
		{BEBBD78D-4042-496F-9DE3-44995E6C9DE5}.Debug|Any CPU.Build.0 = Debug|Any CPU
		{BEBBD78D-4042-496F-9DE3-44995E6C9DE5}.Release|Any CPU.ActiveCfg = Release|Any CPU
		{BEBBD78D-4042-496F-9DE3-44995E6C9DE5}.Release|Any CPU.Build.0 = Release|Any CPU
		{C1B499AC-AD79-4765-A837-0AC581FEDD1F}.Debug|Any CPU.ActiveCfg = Debug|Any CPU
		{C1B499AC-AD79-4765-A837-0AC581FEDD1F}.Debug|Any CPU.Build.0 = Debug|Any CPU
		{C1B499AC-AD79-4765-A837-0AC581FEDD1F}.Release|Any CPU.ActiveCfg = Release|Any CPU
		{C1B499AC-AD79-4765-A837-0AC581FEDD1F}.Release|Any CPU.Build.0 = Release|Any CPU
		{688713C5-270B-41DC-A2D2-73381944D7A7}.Debug|Any CPU.ActiveCfg = Debug|Any CPU
		{688713C5-270B-41DC-A2D2-73381944D7A7}.Debug|Any CPU.Build.0 = Debug|Any CPU
		{688713C5-270B-41DC-A2D2-73381944D7A7}.Release|Any CPU.ActiveCfg = Release|Any CPU
		{688713C5-270B-41DC-A2D2-73381944D7A7}.Release|Any CPU.Build.0 = Release|Any CPU
		{6EF9957C-B841-4005-96D1-2F1C2FCB0AAD}.Debug|Any CPU.ActiveCfg = Debug|Any CPU
		{6EF9957C-B841-4005-96D1-2F1C2FCB0AAD}.Debug|Any CPU.Build.0 = Debug|Any CPU
		{6EF9957C-B841-4005-96D1-2F1C2FCB0AAD}.Release|Any CPU.ActiveCfg = Release|Any CPU
		{6EF9957C-B841-4005-96D1-2F1C2FCB0AAD}.Release|Any CPU.Build.0 = Release|Any CPU
	EndGlobalSection
	GlobalSection(SolutionProperties) = preSolution
		HideSolutionNode = FALSE
	EndGlobalSection
EndGlobal
